
Microsoft Visual Studio Solution File, Format Version 12.00
# Visual Studio Version 17
VisualStudioVersion = 17.11.35312.102
MinimumVisualStudioVersion = 10.0.40219.1
Project("{9A19103F-16F7-4668-BE54-9A1E7A4F7556}") = "ConsoleApp1", "ConsoleApp1\ConsoleApp1.csproj", "{3C30B98E-641A-4BA3-AB2C-F0CE1935A333}"
EndProject
Project("{FAE04EC0-301F-11D3-BF4B-00C04F79EFBC}") = "Domain", "Domain\Domain.csproj", "{6E87CBCF-A390-4788-A382-40CE8076E76B}"
EndProject
Project("{FAE04EC0-301F-11D3-BF4B-00C04F79EFBC}") = "DataAccess", "DataAccess\DataAccess.csproj", "{8A30D495-BAEE-4CAB-9824-C8349121BCDC}"
EndProject
Project("{FAE04EC0-301F-11D3-BF4B-00C04F79EFBC}") = "BusinessLogic", "BusinessLogic\BusinessLogic.csproj", "{8B76C710-4300-4F47-ACDC-60387C266477}"
EndProject
Project("{FAE04EC0-301F-11D3-BF4B-00C04F79EFBC}") = "Tests", "Tests\Tests.csproj", "{80A16DE1-CFD4-453B-BDA9-AFFE62701BE0}"
EndProject
Project("{FAE04EC0-301F-11D3-BF4B-00C04F79EFBC}") = "WpfApp", "WpfApp\WpfApp.csproj", "{BFEEDBC9-4230-4054-AED3-8221456E778D}"
EndProject
Global
	GlobalSection(SolutionConfigurationPlatforms) = preSolution
		Debug|Any CPU = Debug|Any CPU
		Release|Any CPU = Release|Any CPU
	EndGlobalSection
	GlobalSection(ProjectConfigurationPlatforms) = postSolution
		{3C30B98E-641A-4BA3-AB2C-F0CE1935A333}.Debug|Any CPU.ActiveCfg = Debug|Any CPU
		{3C30B98E-641A-4BA3-AB2C-F0CE1935A333}.Debug|Any CPU.Build.0 = Debug|Any CPU
		{3C30B98E-641A-4BA3-AB2C-F0CE1935A333}.Release|Any CPU.ActiveCfg = Release|Any CPU
		{3C30B98E-641A-4BA3-AB2C-F0CE1935A333}.Release|Any CPU.Build.0 = Release|Any CPU
		{6E87CBCF-A390-4788-A382-40CE8076E76B}.Debug|Any CPU.ActiveCfg = Debug|Any CPU
		{6E87CBCF-A390-4788-A382-40CE8076E76B}.Debug|Any CPU.Build.0 = Debug|Any CPU
		{6E87CBCF-A390-4788-A382-40CE8076E76B}.Release|Any CPU.ActiveCfg = Release|Any CPU
		{6E87CBCF-A390-4788-A382-40CE8076E76B}.Release|Any CPU.Build.0 = Release|Any CPU
		{8A30D495-BAEE-4CAB-9824-C8349121BCDC}.Debug|Any CPU.ActiveCfg = Debug|Any CPU
		{8A30D495-BAEE-4CAB-9824-C8349121BCDC}.Debug|Any CPU.Build.0 = Debug|Any CPU
		{8A30D495-BAEE-4CAB-9824-C8349121BCDC}.Release|Any CPU.ActiveCfg = Release|Any CPU
		{8A30D495-BAEE-4CAB-9824-C8349121BCDC}.Release|Any CPU.Build.0 = Release|Any CPU
		{8B76C710-4300-4F47-ACDC-60387C266477}.Debug|Any CPU.ActiveCfg = Debug|Any CPU
		{8B76C710-4300-4F47-ACDC-60387C266477}.Debug|Any CPU.Build.0 = Debug|Any CPU
		{8B76C710-4300-4F47-ACDC-60387C266477}.Release|Any CPU.ActiveCfg = Release|Any CPU
		{8B76C710-4300-4F47-ACDC-60387C266477}.Release|Any CPU.Build.0 = Release|Any CPU
		{80A16DE1-CFD4-453B-BDA9-AFFE62701BE0}.Debug|Any CPU.ActiveCfg = Debug|Any CPU
		{80A16DE1-CFD4-453B-BDA9-AFFE62701BE0}.Debug|Any CPU.Build.0 = Debug|Any CPU
		{80A16DE1-CFD4-453B-BDA9-AFFE62701BE0}.Release|Any CPU.ActiveCfg = Release|Any CPU
		{80A16DE1-CFD4-453B-BDA9-AFFE62701BE0}.Release|Any CPU.Build.0 = Release|Any CPU
		{BFEEDBC9-4230-4054-AED3-8221456E778D}.Debug|Any CPU.ActiveCfg = Debug|Any CPU
		{BFEEDBC9-4230-4054-AED3-8221456E778D}.Debug|Any CPU.Build.0 = Debug|Any CPU
		{BFEEDBC9-4230-4054-AED3-8221456E778D}.Release|Any CPU.ActiveCfg = Release|Any CPU
		{BFEEDBC9-4230-4054-AED3-8221456E778D}.Release|Any CPU.Build.0 = Release|Any CPU
	EndGlobalSection
	GlobalSection(SolutionProperties) = preSolution
		HideSolutionNode = FALSE
	EndGlobalSection
	GlobalSection(ExtensibilityGlobals) = postSolution
		SolutionGuid = {DBEE0BAD-6C1B-431F-836C-44AEEC2E2C0F}
	EndGlobalSection
EndGlobal
